
Microsoft Visual Studio Solution File, Format Version 12.00
# Visual Studio 15
VisualStudioVersion = 15.0.27130.2010
MinimumVisualStudioVersion = 10.0.40219.1
Project("{FAE04EC0-301F-11D3-BF4B-00C04F79EFBC}") = "AutoMapperDependencyInjectionSample", "AutoMapperDependencyInjectionSample\AutoMapperDependencyInjectionSample.csproj", "{946D3867-E779-4F32-980B-0370A75A1336}"
EndProject
Global
	GlobalSection(SolutionConfigurationPlatforms) = preSolution
		Debug|Any CPU = Debug|Any CPU
		Release|Any CPU = Release|Any CPU
	EndGlobalSection
	GlobalSection(ProjectConfigurationPlatforms) = postSolution
		{946D3867-E779-4F32-980B-0370A75A1336}.Debug|Any CPU.ActiveCfg = Debug|Any CPU
		{946D3867-E779-4F32-980B-0370A75A1336}.Debug|Any CPU.Build.0 = Debug|Any CPU
		{946D3867-E779-4F32-980B-0370A75A1336}.Release|Any CPU.ActiveCfg = Release|Any CPU
		{946D3867-E779-4F32-980B-0370A75A1336}.Release|Any CPU.Build.0 = Release|Any CPU
	EndGlobalSection
	GlobalSection(SolutionProperties) = preSolution
		HideSolutionNode = FALSE
	EndGlobalSection
	GlobalSection(ExtensibilityGlobals) = postSolution
		SolutionGuid = {CA6D2BC7-BD69-47F1-A043-D0B05F2394C3}
	EndGlobalSection
EndGlobal
